PODS:
  - AFNetworking (2.6.3):
    - AFNetworking/NSURLConnection (= 2.6.3)
    - AFNetworking/NSURLSession (= 2.6.3)
    - AFNetworking/Reachability (= 2.6.3)
    - AFNetworking/Security (= 2.6.3)
    - AFNetworking/Serialization (= 2.6.3)
    - AFNetworking/UIKit (= 2.6.3)
  - AFNetworking/NSURLConnection (2.6.3):
    - AFNetworking/Reachability
    - AFNetworking/Security
    - AFNetworking/Serialization
  - AFNetworking/NSURLSession (2.6.3):
    - AFNetworking/Reachability
    - AFNetworking/Security
    - AFNetworking/Serialization
  - AFNetworking/Reachability (2.6.3)
  - AFNetworking/Security (2.6.3)
  - AFNetworking/Serialization (2.6.3)
  - AFNetworking/UIKit (2.6.3):
    - AFNetworking/NSURLConnection
    - AFNetworking/NSURLSession
  - BEMCheckBox (1.2.1)
  - CRGradientNavigationBar (0.3.2)
  - LCActionSheet (2.5.2):
    - Masonry (~> 1.0.1)
  - Masonry (1.0.2)
  - MJExtension (3.0.13)
  - MJRefresh (3.1.12)
  - SCFadeSlideView (0.0.2)
  - SDAutoLayout (1.53)
  - SDWebImage (3.8.2):
    - SDWebImage/Core (= 3.8.2)
  - SDWebImage/Core (3.8.2)
  - Toast (3.0)
  - TZImagePickerController (1.6.8)
  - ZYCornerRadius (1.0.1)

DEPENDENCIES:
  - AFNetworking (= 2.6.3)
  - BEMCheckBox
  - CRGradientNavigationBar
  - LCActionSheet (= 2.5.2)
  - MJExtension
  - MJRefresh
  - SCFadeSlideView (= 0.0.2)
  - SDAutoLayout (~> 1.31)
  - SDWebImage (~> 3.8)
  - Toast (~> 3.0)
  - TZImagePickerController
  - ZYCornerRadius

SPEC CHECKSUMS:
  AFNetworking: cb8d14a848e831097108418f5d49217339d4eb60
  BEMCheckBox: 264b8b72aa92adbfefa265cc58a0cdb86b207b9f
  CRGradientNavigationBar: ee6fa0398e3d64af32a792b63336e094bb55402e
  LCActionSheet: 92aa29e2c0a12e771e334193a5129288817e69e8
  Masonry: 7c429b56da9d4ee0bbb3ed77a5ea710d6a5df39e
  MJExtension: 5932755f451458eefa24239358817f8d291240c7
  MJRefresh: b96cdb21c4aa75a7b07654311ab2f315c497e806
  SCFadeSlideView: 5c3d48e168380e3a3cc0b55c8d0a28f6363baa28
  SDAutoLayout: ea6e2ae9fbb438aa2feb0c4363dba9297e98638a
  SDWebImage: 098e97e6176540799c27e804c96653ee0833d13c
  Toast: 32c59229abfcf41850162b83bb9259dc84372473
  TZImagePickerController: fdb508b0ab14310728fb0d7eb418a7ee0acea741
  ZYCornerRadius: 94720e8722acf30de5b73ae185ffe56a2240f6a3

PODFILE CHECKSUM: f21b2e816d7372417408cd4c584332e37c1eeae8

COCOAPODS: 1.0.0
