// !$*UTF8*$!
{
	archiveVersion = 1;
	classes = {
	};
	objectVersion = 46;
	objects = {

/* Begin PBXBuildFile section */
		131A47533821D17EA144C864 /* libPods-ArrangeMovie.a in Frameworks */ = {isa = PBXBuildFile; fileRef = BE23006BE2A8191D3C9E4103 /* libPods-ArrangeMovie.a */; };
		A5AC117A1DABA57D00CBBE05 /* MeTableViewCell.m in Sources */ = {isa = PBXBuildFile; fileRef = A5AC11781DABA57D00CBBE05 /* MeTableViewCell.m */; };
		A5AC117B1DABA57D00CBBE05 /* MeTableViewCell.xib in Resources */ = {isa = PBXBuildFile; fileRef = A5AC11791DABA57D00CBBE05 /* MeTableViewCell.xib */; };
		A5AC117F1DABA5E200CBBE05 /* MePointRecordTableViewCell.m in Sources */ = {isa = PBXBuildFile; fileRef = A5AC117D1DABA5E200CBBE05 /* MePointRecordTableViewCell.m */; };
		A5AC11801DABA5E200CBBE05 /* MePointRecordTableViewCell.xib in Resources */ = {isa = PBXBuildFile; fileRef = A5AC117E1DABA5E200CBBE05 /* MePointRecordTableViewCell.xib */; };
		A5AC11841DABA63300CBBE05 /* MeSettingTableViewCell.m in Sources */ = {isa = PBXBuildFile; fileRef = A5AC11821DABA63300CBBE05 /* MeSettingTableViewCell.m */; };
		A5AC11851DABA63300CBBE05 /* MeSettingTableViewCell.xib in Resources */ = {isa = PBXBuildFile; fileRef = A5AC11831DABA63300CBBE05 /* MeSettingTableViewCell.xib */; };
		A5AC11891DABA69100CBBE05 /* MeBankCardTableViewCell.m in Sources */ = {isa = PBXBuildFile; fileRef = A5AC11871DABA69100CBBE05 /* MeBankCardTableViewCell.m */; };
		A5AC118A1DABA69100CBBE05 /* MeBankCardTableViewCell.xib in Resources */ = {isa = PBXBuildFile; fileRef = A5AC11881DABA69100CBBE05 /* MeBankCardTableViewCell.xib */; };
		A5B85DDD1DAF310D000DD644 /* MeBankAddTableViewCell.m in Sources */ = {isa = PBXBuildFile; fileRef = A5B85DDB1DAF310D000DD644 /* MeBankAddTableViewCell.m */; };
		A5B85DDE1DAF310D000DD644 /* MeBankAddTableViewCell.xib in Resources */ = {isa = PBXBuildFile; fileRef = A5B85DDC1DAF310D000DD644 /* MeBankAddTableViewCell.xib */; };
		C80F06471DACFDA600BB75BE /* MePointViewController.m in Sources */ = {isa = PBXBuildFile; fileRef = C80F06461DACFDA600BB75BE /* MePointViewController.m */; };
		C80F064A1DACFDCD00BB75BE /* MeBankCardViewController.m in Sources */ = {isa = PBXBuildFile; fileRef = C80F06491DACFDCD00BB75BE /* MeBankCardViewController.m */; };
		C80F064D1DACFDED00BB75BE /* MeNewCardViewController.m in Sources */ = {isa = PBXBuildFile; fileRef = C80F064C1DACFDED00BB75BE /* MeNewCardViewController.m */; };
		C80F06501DAE282D00BB75BE /* EMIPointButton.m in Sources */ = {isa = PBXBuildFile; fileRef = C80F064F1DAE282D00BB75BE /* EMIPointButton.m */; };
		C81371131DAA2BAE006479D6 /* UIImage+SCUtil.m in Sources */ = {isa = PBXBuildFile; fileRef = C81371121DAA2BAE006479D6 /* UIImage+SCUtil.m */; };
		C8329BA11DAB34F200B14075 /* UIBarButtonItem+Extension.m in Sources */ = {isa = PBXBuildFile; fileRef = C8329BA01DAB34F200B14075 /* UIBarButtonItem+Extension.m */; };
		C8329BA71DAB6C6100B14075 /* EMIShadowImageView.m in Sources */ = {isa = PBXBuildFile; fileRef = C8329BA61DAB6C6100B14075 /* EMIShadowImageView.m */; };
		C8329BAA1DABA44100B14075 /* SCTableViewCell.m in Sources */ = {isa = PBXBuildFile; fileRef = C8329BA91DABA44100B14075 /* SCTableViewCell.m */; };
		C8329BAD1DACA62700B14075 /* MeProfileViewController.m in Sources */ = {isa = PBXBuildFile; fileRef = C8329BAC1DACA62700B14075 /* MeProfileViewController.m */; };
		C886B0D71DA8FC0500240283 /* main.m in Sources */ = {isa = PBXBuildFile; fileRef = C886B0D61DA8FC0500240283 /* main.m */; };
		C886B0DA1DA8FC0500240283 /* AppDelegate.m in Sources */ = {isa = PBXBuildFile; fileRef = C886B0D91DA8FC0500240283 /* AppDelegate.m */; };
		C886B0E21DA8FC0500240283 /* Assets.xcassets in Resources */ = {isa = PBXBuildFile; fileRef = C886B0E11DA8FC0500240283 /* Assets.xcassets */; };
		C886B0E51DA8FC0500240283 /* LaunchScreen.storyboard in Resources */ = {isa = PBXBuildFile; fileRef = C886B0E31DA8FC0500240283 /* LaunchScreen.storyboard */; };
		C889D9581DAF7429008156B2 /* MePwdViewController.m in Sources */ = {isa = PBXBuildFile; fileRef = C889D9571DAF7429008156B2 /* MePwdViewController.m */; };
		C889D95B1DAF83F3008156B2 /* MeAuthViewController.m in Sources */ = {isa = PBXBuildFile; fileRef = C889D95A1DAF83F3008156B2 /* MeAuthViewController.m */; };
		C889D95E1DB0742E008156B2 /* MeSettingViewController.m in Sources */ = {isa = PBXBuildFile; fileRef = C889D95D1DB0742E008156B2 /* MeSettingViewController.m */; };
		C889D9611DB07DEB008156B2 /* MeFeedbackViewController.m in Sources */ = {isa = PBXBuildFile; fileRef = C889D9601DB07DEB008156B2 /* MeFeedbackViewController.m */; };
		C889D9641DB07E90008156B2 /* MeAboutViewController.m in Sources */ = {isa = PBXBuildFile; fileRef = C889D9631DB07E90008156B2 /* MeAboutViewController.m */; };
		C889D9681DB0AC59008156B2 /* MeSettingSignOutTableViewCell.m in Sources */ = {isa = PBXBuildFile; fileRef = C889D9661DB0AC59008156B2 /* MeSettingSignOutTableViewCell.m */; };
		C889D9691DB0AC59008156B2 /* MeSettingSignOutTableViewCell.xib in Resources */ = {isa = PBXBuildFile; fileRef = C889D9671DB0AC59008156B2 /* MeSettingSignOutTableViewCell.xib */; };
		C8E651331DA9D5DF00400ABC /* MeViewController.m in Sources */ = {isa = PBXBuildFile; fileRef = C8E651321DA9D5DF00400ABC /* MeViewController.m */; };
		C8E651371DA9D62C00400ABC /* EMIBaseViewController.m in Sources */ = {isa = PBXBuildFile; fileRef = C8E651361DA9D62C00400ABC /* EMIBaseViewController.m */; };
		C8E6513B1DA9D65D00400ABC /* User.m in Sources */ = {isa = PBXBuildFile; fileRef = C8E6513A1DA9D65D00400ABC /* User.m */; };
		C8E6513D1DA9E6CC00400ABC /* me.storyboard in Resources */ = {isa = PBXBuildFile; fileRef = C8E6513C1DA9E6CC00400ABC /* me.storyboard */; };
		C8E651401DA9E77000400ABC /* EMINavigationController.m in Sources */ = {isa = PBXBuildFile; fileRef = C8E6513E1DA9E77000400ABC /* EMINavigationController.m */; };
		C8E6514A1DA9EAF100400ABC /* UIColor+Hex.m in Sources */ = {isa = PBXBuildFile; fileRef = C8E651491DA9EAF100400ABC /* UIColor+Hex.m */; };
		D62A064C1DAB5CA8003832A8 /* login.storyboard in Resources */ = {isa = PBXBuildFile; fileRef = D62A064B1DAB5CA8003832A8 /* login.storyboard */; };
		D62A06501DAB63D1003832A8 /* LoginViewController.m in Sources */ = {isa = PBXBuildFile; fileRef = D62A064F1DAB63D1003832A8 /* LoginViewController.m */; };
		D62A06571DAB7D5F003832A8 /* ValidateMobile.m in Sources */ = {isa = PBXBuildFile; fileRef = D62A06561DAB7D5F003832A8 /* ValidateMobile.m */; };
		D62A065A1DAB88F7003832A8 /* UIView+Shadow.m in Sources */ = {isa = PBXBuildFile; fileRef = D62A06591DAB88F7003832A8 /* UIView+Shadow.m */; };
		D62A06601DACADAA003832A8 /* FgetPwdViewController.m in Sources */ = {isa = PBXBuildFile; fileRef = D62A065F1DACADAA003832A8 /* FgetPwdViewController.m */; };
/* End PBXBuildFile section */

/* Begin PBXFileReference section */
		A5AC11771DABA57D00CBBE05 /* MeTableViewCell.h */ = {isa = PBXFileReference; fileEncoding = 4; lastKnownFileType = sourcecode.c.h; name = MeTableViewCell.h; path = views/me/MeTableViewCell.h; sourceTree = "<group>"; };
		A5AC11781DABA57D00CBBE05 /* MeTableViewCell.m */ = {isa = PBXFileReference; fileEncoding = 4; lastKnownFileType = sourcecode.c.objc; name = MeTableViewCell.m; path = views/me/MeTableViewCell.m; sourceTree = "<group>"; };
		A5AC11791DABA57D00CBBE05 /* MeTableViewCell.xib */ = {isa = PBXFileReference; fileEncoding = 4; lastKnownFileType = file.xib; name = MeTableViewCell.xib; path = views/me/MeTableViewCell.xib; sourceTree = "<group>"; };
		A5AC117C1DABA5E200CBBE05 /* MePointRecordTableViewCell.h */ = {isa = PBXFileReference; fileEncoding = 4; lastKnownFileType = sourcecode.c.h; name = MePointRecordTableViewCell.h; path = views/me/MePointRecordTableViewCell.h; sourceTree = "<group>"; };
		A5AC117D1DABA5E200CBBE05 /* MePointRecordTableViewCell.m */ = {isa = PBXFileReference; fileEncoding = 4; lastKnownFileType = sourcecode.c.objc; name = MePointRecordTableViewCell.m; path = views/me/MePointRecordTableViewCell.m; sourceTree = "<group>"; };
		A5AC117E1DABA5E200CBBE05 /* MePointRecordTableViewCell.xib */ = {isa = PBXFileReference; fileEncoding = 4; lastKnownFileType = file.xib; name = MePointRecordTableViewCell.xib; path = views/me/MePointRecordTableViewCell.xib; sourceTree = "<group>"; };
		A5AC11811DABA63300CBBE05 /* MeSettingTableViewCell.h */ = {isa = PBXFileReference; fileEncoding = 4; lastKnownFileType = sourcecode.c.h; name = MeSettingTableViewCell.h; path = views/me/MeSettingTableViewCell.h; sourceTree = "<group>"; };
		A5AC11821DABA63300CBBE05 /* MeSettingTableViewCell.m */ = {isa = PBXFileReference; fileEncoding = 4; lastKnownFileType = sourcecode.c.objc; name = MeSettingTableViewCell.m; path = views/me/MeSettingTableViewCell.m; sourceTree = "<group>"; };
		A5AC11831DABA63300CBBE05 /* MeSettingTableViewCell.xib */ = {isa = PBXFileReference; fileEncoding = 4; lastKnownFileType = file.xib; name = MeSettingTableViewCell.xib; path = views/me/MeSettingTableViewCell.xib; sourceTree = "<group>"; };
		A5AC11861DABA69100CBBE05 /* MeBankCardTableViewCell.h */ = {isa = PBXFileReference; fileEncoding = 4; lastKnownFileType = sourcecode.c.h; name = MeBankCardTableViewCell.h; path = views/me/MeBankCardTableViewCell.h; sourceTree = "<group>"; };
		A5AC11871DABA69100CBBE05 /* MeBankCardTableViewCell.m */ = {isa = PBXFileReference; fileEncoding = 4; lastKnownFileType = sourcecode.c.objc; name = MeBankCardTableViewCell.m; path = views/me/MeBankCardTableViewCell.m; sourceTree = "<group>"; };
		A5AC11881DABA69100CBBE05 /* MeBankCardTableViewCell.xib */ = {isa = PBXFileReference; fileEncoding = 4; lastKnownFileType = file.xib; name = MeBankCardTableViewCell.xib; path = views/me/MeBankCardTableViewCell.xib; sourceTree = "<group>"; };
		A5B85DDA1DAF310D000DD644 /* MeBankAddTableViewCell.h */ = {isa = PBXFileReference; fileEncoding = 4; lastKnownFileType = sourcecode.c.h; name = MeBankAddTableViewCell.h; path = views/me/MeBankAddTableViewCell.h; sourceTree = "<group>"; };
		A5B85DDB1DAF310D000DD644 /* MeBankAddTableViewCell.m */ = {isa = PBXFileReference; fileEncoding = 4; lastKnownFileType = sourcecode.c.objc; name = MeBankAddTableViewCell.m; path = views/me/MeBankAddTableViewCell.m; sourceTree = "<group>"; };
		A5B85DDC1DAF310D000DD644 /* MeBankAddTableViewCell.xib */ = {isa = PBXFileReference; fileEncoding = 4; lastKnownFileType = file.xib; name = MeBankAddTableViewCell.xib; path = views/me/MeBankAddTableViewCell.xib; sourceTree = "<group>"; };
		BE23006BE2A8191D3C9E4103 /* libPods-ArrangeMovie.a */ = {isa = PBXFileReference; explicitFileType = archive.ar; includeInIndex = 0; path = "libPods-ArrangeMovie.a"; sourceTree = BUILT_PRODUCTS_DIR; };
		BF27F5CCD964E066166A1E8C /* Pods-ArrangeMovie.release.xcconfig */ = {isa = PBXFileReference; includeInIndex = 1; lastKnownFileType = text.xcconfig; name = "Pods-ArrangeMovie.release.xcconfig"; path = "Pods/Target Support Files/Pods-ArrangeMovie/Pods-ArrangeMovie.release.xcconfig"; sourceTree = "<group>"; };
		C80F06451DACFDA600BB75BE /* MePointViewController.h */ = {isa = PBXFileReference; fileEncoding = 4; lastKnownFileType = sourcecode.c.h; name = MePointViewController.h; path = viewcontrollers/me/MePointViewController.h; sourceTree = "<group>"; };
		C80F06461DACFDA600BB75BE /* MePointViewController.m */ = {isa = PBXFileReference; fileEncoding = 4; lastKnownFileType = sourcecode.c.objc; name = MePointViewController.m; path = viewcontrollers/me/MePointViewController.m; sourceTree = "<group>"; };
		C80F06481DACFDCD00BB75BE /* MeBankCardViewController.h */ = {isa = PBXFileReference; fileEncoding = 4; lastKnownFileType = sourcecode.c.h; name = MeBankCardViewController.h; path = viewcontrollers/me/MeBankCardViewController.h; sourceTree = "<group>"; };
		C80F06491DACFDCD00BB75BE /* MeBankCardViewController.m */ = {isa = PBXFileReference; fileEncoding = 4; lastKnownFileType = sourcecode.c.objc; name = MeBankCardViewController.m; path = viewcontrollers/me/MeBankCardViewController.m; sourceTree = "<group>"; };
		C80F064B1DACFDED00BB75BE /* MeNewCardViewController.h */ = {isa = PBXFileReference; fileEncoding = 4; lastKnownFileType = sourcecode.c.h; name = MeNewCardViewController.h; path = viewcontrollers/me/MeNewCardViewController.h; sourceTree = "<group>"; };
		C80F064C1DACFDED00BB75BE /* MeNewCardViewController.m */ = {isa = PBXFileReference; fileEncoding = 4; lastKnownFileType = sourcecode.c.objc; name = MeNewCardViewController.m; path = viewcontrollers/me/MeNewCardViewController.m; sourceTree = "<group>"; };
		C80F064E1DAE282D00BB75BE /* EMIPointButton.h */ = {isa = PBXFileReference; fileEncoding = 4; lastKnownFileType = sourcecode.c.h; name = EMIPointButton.h; path = views/base/EMIPointButton.h; sourceTree = "<group>"; };
		C80F064F1DAE282D00BB75BE /* EMIPointButton.m */ = {isa = PBXFileReference; fileEncoding = 4; lastKnownFileType = sourcecode.c.objc; name = EMIPointButton.m; path = views/base/EMIPointButton.m; sourceTree = "<group>"; };
		C81371111DAA2BAE006479D6 /* UIImage+SCUtil.h */ = {isa = PBXFileReference; fileEncoding = 4; lastKnownFileType = sourcecode.c.h; name = "UIImage+SCUtil.h"; path = "utils/category/UIImage+SCUtil.h"; sourceTree = "<group>"; };
		C81371121DAA2BAE006479D6 /* UIImage+SCUtil.m */ = {isa = PBXFileReference; fileEncoding = 4; lastKnownFileType = sourcecode.c.objc; name = "UIImage+SCUtil.m"; path = "utils/category/UIImage+SCUtil.m"; sourceTree = "<group>"; };
		C8329B9F1DAB34F200B14075 /* UIBarButtonItem+Extension.h */ = {isa = PBXFileReference; fileEncoding = 4; lastKnownFileType = sourcecode.c.h; name = "UIBarButtonItem+Extension.h"; path = "views/base/UIBarButtonItem+Extension.h"; sourceTree = "<group>"; };
		C8329BA01DAB34F200B14075 /* UIBarButtonItem+Extension.m */ = {isa = PBXFileReference; fileEncoding = 4; lastKnownFileType = sourcecode.c.objc; name = "UIBarButtonItem+Extension.m"; path = "views/base/UIBarButtonItem+Extension.m"; sourceTree = "<group>"; };
		C8329BA51DAB6C6100B14075 /* EMIShadowImageView.h */ = {isa = PBXFileReference; fileEncoding = 4; lastKnownFileType = sourcecode.c.h; name = EMIShadowImageView.h; path = views/base/EMIShadowImageView.h; sourceTree = "<group>"; };
		C8329BA61DAB6C6100B14075 /* EMIShadowImageView.m */ = {isa = PBXFileReference; fileEncoding = 4; lastKnownFileType = sourcecode.c.objc; name = EMIShadowImageView.m; path = views/base/EMIShadowImageView.m; sourceTree = "<group>"; };
		C8329BA81DABA44100B14075 /* SCTableViewCell.h */ = {isa = PBXFileReference; fileEncoding = 4; lastKnownFileType = sourcecode.c.h; name = SCTableViewCell.h; path = views/base/SCTableViewCell.h; sourceTree = "<group>"; };
		C8329BA91DABA44100B14075 /* SCTableViewCell.m */ = {isa = PBXFileReference; fileEncoding = 4; lastKnownFileType = sourcecode.c.objc; name = SCTableViewCell.m; path = views/base/SCTableViewCell.m; sourceTree = "<group>"; };
		C8329BAB1DACA62700B14075 /* MeProfileViewController.h */ = {isa = PBXFileReference; fileEncoding = 4; lastKnownFileType = sourcecode.c.h; name = MeProfileViewController.h; path = viewcontrollers/me/MeProfileViewController.h; sourceTree = "<group>"; };
		C8329BAC1DACA62700B14075 /* MeProfileViewController.m */ = {isa = PBXFileReference; fileEncoding = 4; lastKnownFileType = sourcecode.c.objc; name = MeProfileViewController.m; path = viewcontrollers/me/MeProfileViewController.m; sourceTree = "<group>"; };
		C886B0D21DA8FC0500240283 /* ArrangeMovie.app */ = {isa = PBXFileReference; explicitFileType = wrapper.application; includeInIndex = 0; path = ArrangeMovie.app; sourceTree = BUILT_PRODUCTS_DIR; };
		C886B0D61DA8FC0500240283 /* main.m */ = {isa = PBXFileReference; lastKnownFileType = sourcecode.c.objc; path = main.m; sourceTree = "<group>"; };
		C886B0D81DA8FC0500240283 /* AppDelegate.h */ = {isa = PBXFileReference; lastKnownFileType = sourcecode.c.h; path = AppDelegate.h; sourceTree = "<group>"; };
		C886B0D91DA8FC0500240283 /* AppDelegate.m */ = {isa = PBXFileReference; lastKnownFileType = sourcecode.c.objc; path = AppDelegate.m; sourceTree = "<group>"; };
		C886B0E11DA8FC0500240283 /* Assets.xcassets */ = {isa = PBXFileReference; lastKnownFileType = folder.assetcatalog; path = Assets.xcassets; sourceTree = "<group>"; };
		C886B0E41DA8FC0500240283 /* Base */ = {isa = PBXFileReference; lastKnownFileType = file.storyboard; name = Base; path = Base.lproj/LaunchScreen.storyboard; sourceTree = "<group>"; };
		C886B0E61DA8FC0500240283 /* Info.plist */ = {isa = PBXFileReference; lastKnownFileType = text.plist.xml; path = Info.plist; sourceTree = "<group>"; };
		C889D9561DAF7429008156B2 /* MePwdViewController.h */ = {isa = PBXFileReference; fileEncoding = 4; lastKnownFileType = sourcecode.c.h; name = MePwdViewController.h; path = viewcontrollers/me/MePwdViewController.h; sourceTree = "<group>"; };
		C889D9571DAF7429008156B2 /* MePwdViewController.m */ = {isa = PBXFileReference; fileEncoding = 4; lastKnownFileType = sourcecode.c.objc; name = MePwdViewController.m; path = viewcontrollers/me/MePwdViewController.m; sourceTree = "<group>"; };
		C889D9591DAF83F3008156B2 /* MeAuthViewController.h */ = {isa = PBXFileReference; fileEncoding = 4; lastKnownFileType = sourcecode.c.h; name = MeAuthViewController.h; path = viewcontrollers/me/MeAuthViewController.h; sourceTree = "<group>"; };
		C889D95A1DAF83F3008156B2 /* MeAuthViewController.m */ = {isa = PBXFileReference; fileEncoding = 4; lastKnownFileType = sourcecode.c.objc; name = MeAuthViewController.m; path = viewcontrollers/me/MeAuthViewController.m; sourceTree = "<group>"; };
		C889D95C1DB0742E008156B2 /* MeSettingViewController.h */ = {isa = PBXFileReference; fileEncoding = 4; lastKnownFileType = sourcecode.c.h; name = MeSettingViewController.h; path = viewcontrollers/me/MeSettingViewController.h; sourceTree = "<group>"; };
		C889D95D1DB0742E008156B2 /* MeSettingViewController.m */ = {isa = PBXFileReference; fileEncoding = 4; lastKnownFileType = sourcecode.c.objc; name = MeSettingViewController.m; path = viewcontrollers/me/MeSettingViewController.m; sourceTree = "<group>"; };
		C889D95F1DB07DEB008156B2 /* MeFeedbackViewController.h */ = {isa = PBXFileReference; fileEncoding = 4; lastKnownFileType = sourcecode.c.h; name = MeFeedbackViewController.h; path = viewcontrollers/me/MeFeedbackViewController.h; sourceTree = "<group>"; };
		C889D9601DB07DEB008156B2 /* MeFeedbackViewController.m */ = {isa = PBXFileReference; fileEncoding = 4; lastKnownFileType = sourcecode.c.objc; name = MeFeedbackViewController.m; path = viewcontrollers/me/MeFeedbackViewController.m; sourceTree = "<group>"; };
		C889D9621DB07E90008156B2 /* MeAboutViewController.h */ = {isa = PBXFileReference; fileEncoding = 4; lastKnownFileType = sourcecode.c.h; name = MeAboutViewController.h; path = viewcontrollers/me/MeAboutViewController.h; sourceTree = "<group>"; };
		C889D9631DB07E90008156B2 /* MeAboutViewController.m */ = {isa = PBXFileReference; fileEncoding = 4; lastKnownFileType = sourcecode.c.objc; name = MeAboutViewController.m; path = viewcontrollers/me/MeAboutViewController.m; sourceTree = "<group>"; };
		C889D9651DB0AC59008156B2 /* MeSettingSignOutTableViewCell.h */ = {isa = PBXFileReference; fileEncoding = 4; lastKnownFileType = sourcecode.c.h; name = MeSettingSignOutTableViewCell.h; path = views/me/MeSettingSignOutTableViewCell.h; sourceTree = "<group>"; };
		C889D9661DB0AC59008156B2 /* MeSettingSignOutTableViewCell.m */ = {isa = PBXFileReference; fileEncoding = 4; lastKnownFileType = sourcecode.c.objc; name = MeSettingSignOutTableViewCell.m; path = views/me/MeSettingSignOutTableViewCell.m; sourceTree = "<group>"; };
		C889D9671DB0AC59008156B2 /* MeSettingSignOutTableViewCell.xib */ = {isa = PBXFileReference; fileEncoding = 4; lastKnownFileType = file.xib; name = MeSettingSignOutTableViewCell.xib; path = views/me/MeSettingSignOutTableViewCell.xib; sourceTree = "<group>"; };
		C8E651311DA9D5DF00400ABC /* MeViewController.h */ = {isa = PBXFileReference; fileEncoding = 4; lastKnownFileType = sourcecode.c.h; name = MeViewController.h; path = viewcontrollers/me/MeViewController.h; sourceTree = "<group>"; };
		C8E651321DA9D5DF00400ABC /* MeViewController.m */ = {isa = PBXFileReference; fileEncoding = 4; lastKnownFileType = sourcecode.c.objc; name = MeViewController.m; path = viewcontrollers/me/MeViewController.m; sourceTree = "<group>"; };
		C8E651351DA9D62C00400ABC /* EMIBaseViewController.h */ = {isa = PBXFileReference; fileEncoding = 4; lastKnownFileType = sourcecode.c.h; name = EMIBaseViewController.h; path = viewcontrollers/base/EMIBaseViewController.h; sourceTree = "<group>"; };
		C8E651361DA9D62C00400ABC /* EMIBaseViewController.m */ = {isa = PBXFileReference; fileEncoding = 4; lastKnownFileType = sourcecode.c.objc; name = EMIBaseViewController.m; path = viewcontrollers/base/EMIBaseViewController.m; sourceTree = "<group>"; };
		C8E651391DA9D65D00400ABC /* User.h */ = {isa = PBXFileReference; fileEncoding = 4; lastKnownFileType = sourcecode.c.h; name = User.h; path = models/User.h; sourceTree = "<group>"; };
		C8E6513A1DA9D65D00400ABC /* User.m */ = {isa = PBXFileReference; fileEncoding = 4; lastKnownFileType = sourcecode.c.objc; name = User.m; path = models/User.m; sourceTree = "<group>"; };
		C8E6513C1DA9E6CC00400ABC /* me.storyboard */ = {isa = PBXFileReference; fileEncoding = 4; lastKnownFileType = file.storyboard; name = me.storyboard; path = src/me.storyboard; sourceTree = "<group>"; };
		C8E6513E1DA9E77000400ABC /* EMINavigationController.m */ = {isa = PBXFileReference; fileEncoding = 4; lastKnownFileType = sourcecode.c.objc; name = EMINavigationController.m; path = viewcontrollers/base/EMINavigationController.m; sourceTree = "<group>"; };
		C8E6513F1DA9E77000400ABC /* EMINavigationController.h */ = {isa = PBXFileReference; fileEncoding = 4; lastKnownFileType = sourcecode.c.h; name = EMINavigationController.h; path = viewcontrollers/base/EMINavigationController.h; sourceTree = "<group>"; };
		C8E651481DA9EAF100400ABC /* UIColor+Hex.h */ = {isa = PBXFileReference; fileEncoding = 4; lastKnownFileType = sourcecode.c.h; name = "UIColor+Hex.h"; path = "utils/category/UIColor+Hex.h"; sourceTree = "<group>"; };
		C8E651491DA9EAF100400ABC /* UIColor+Hex.m */ = {isa = PBXFileReference; fileEncoding = 4; lastKnownFileType = sourcecode.c.objc; name = "UIColor+Hex.m"; path = "utils/category/UIColor+Hex.m"; sourceTree = "<group>"; };
		D62A064B1DAB5CA8003832A8 /* login.storyboard */ = {isa = PBXFileReference; fileEncoding = 4; lastKnownFileType = file.storyboard; name = login.storyboard; path = src/login.storyboard; sourceTree = "<group>"; };
		D62A064E1DAB63D1003832A8 /* LoginViewController.h */ = {isa = PBXFileReference; fileEncoding = 4; lastKnownFileType = sourcecode.c.h; name = LoginViewController.h; path = viewcontrollers/login/LoginViewController.h; sourceTree = "<group>"; };
		D62A064F1DAB63D1003832A8 /* LoginViewController.m */ = {isa = PBXFileReference; fileEncoding = 4; lastKnownFileType = sourcecode.c.objc; name = LoginViewController.m; path = viewcontrollers/login/LoginViewController.m; sourceTree = "<group>"; };
		D62A06551DAB7D5F003832A8 /* ValidateMobile.h */ = {isa = PBXFileReference; fileEncoding = 4; lastKnownFileType = sourcecode.c.h; name = ValidateMobile.h; path = utils/regex/ValidateMobile.h; sourceTree = "<group>"; };
		D62A06561DAB7D5F003832A8 /* ValidateMobile.m */ = {isa = PBXFileReference; fileEncoding = 4; lastKnownFileType = sourcecode.c.objc; name = ValidateMobile.m; path = utils/regex/ValidateMobile.m; sourceTree = "<group>"; };
		D62A06581DAB88F7003832A8 /* UIView+Shadow.h */ = {isa = PBXFileReference; fileEncoding = 4; lastKnownFileType = sourcecode.c.h; name = "UIView+Shadow.h"; path = "views/base/UIView+Shadow.h"; sourceTree = "<group>"; };
		D62A06591DAB88F7003832A8 /* UIView+Shadow.m */ = {isa = PBXFileReference; fileEncoding = 4; lastKnownFileType = sourcecode.c.objc; name = "UIView+Shadow.m"; path = "views/base/UIView+Shadow.m"; sourceTree = "<group>"; };
		D62A065C1DAC817A003832A8 /* am.pch */ = {isa = PBXFileReference; lastKnownFileType = sourcecode.c.h; name = am.pch; path = config/am.pch; sourceTree = "<group>"; };
		D62A065E1DACADAA003832A8 /* FgetPwdViewController.h */ = {isa = PBXFileReference; fileEncoding = 4; lastKnownFileType = sourcecode.c.h; name = FgetPwdViewController.h; path = viewcontrollers/login/FgetPwdViewController.h; sourceTree = "<group>"; };
		D62A065F1DACADAA003832A8 /* FgetPwdViewController.m */ = {isa = PBXFileReference; fileEncoding = 4; lastKnownFileType = sourcecode.c.objc; name = FgetPwdViewController.m; path = viewcontrollers/login/FgetPwdViewController.m; sourceTree = "<group>"; };
		E113C2194AC4AE46C9630207 /* Pods-ArrangeMovie.debug.xcconfig */ = {isa = PBXFileReference; includeInIndex = 1; lastKnownFileType = text.xcconfig; name = "Pods-ArrangeMovie.debug.xcconfig"; path = "Pods/Target Support Files/Pods-ArrangeMovie/Pods-ArrangeMovie.debug.xcconfig"; sourceTree = "<group>"; };
/* End PBXFileReference section */

/* Begin PBXFrameworksBuildPhase section */
		C886B0CF1DA8FC0500240283 /* Frameworks */ = {
			isa = PBXFrameworksBuildPhase;
			buildActionMask = 2147483647;
			files = (
				131A47533821D17EA144C864 /* libPods-ArrangeMovie.a in Frameworks */,
			);
			runOnlyForDeploymentPostprocessing = 0;
		};
/* End PBXFrameworksBuildPhase section */

/* Begin PBXGroup section */
		9E782CE3BFB2CD49939C0FF6 /* Pods */ = {
			isa = PBXGroup;
			children = (
				E113C2194AC4AE46C9630207 /* Pods-ArrangeMovie.debug.xcconfig */,
				BF27F5CCD964E066166A1E8C /* Pods-ArrangeMovie.release.xcconfig */,
			);
			name = Pods;
			sourceTree = "<group>";
		};
		B0E02B813A312B29BE38AD01 /* Frameworks */ = {
			isa = PBXGroup;
			children = (
				BE23006BE2A8191D3C9E4103 /* libPods-ArrangeMovie.a */,
			);
			name = Frameworks;
			sourceTree = "<group>";
		};
		C8329B9B1DAB2FF600B14075 /* base */ = {
			isa = PBXGroup;
			children = (
				C8329BA81DABA44100B14075 /* SCTableViewCell.h */,
				C8329BA91DABA44100B14075 /* SCTableViewCell.m */,
				C8329B9F1DAB34F200B14075 /* UIBarButtonItem+Extension.h */,
				C8329BA01DAB34F200B14075 /* UIBarButtonItem+Extension.m */,
				C8329BA51DAB6C6100B14075 /* EMIShadowImageView.h */,
				C8329BA61DAB6C6100B14075 /* EMIShadowImageView.m */,
				D62A06581DAB88F7003832A8 /* UIView+Shadow.h */,
				D62A06591DAB88F7003832A8 /* UIView+Shadow.m */,
				C80F064E1DAE282D00BB75BE /* EMIPointButton.h */,
				C80F064F1DAE282D00BB75BE /* EMIPointButton.m */,
			);
			name = base;
			sourceTree = "<group>";
		};
		C886B0C91DA8FC0500240283 = {
			isa = PBXGroup;
			children = (
				C886B0D41DA8FC0500240283 /* ArrangeMovie */,
				C886B0D31DA8FC0500240283 /* Products */,
				9E782CE3BFB2CD49939C0FF6 /* Pods */,
				B0E02B813A312B29BE38AD01 /* Frameworks */,
			);
			sourceTree = "<group>";
		};
		C886B0D31DA8FC0500240283 /* Products */ = {
			isa = PBXGroup;
			children = (
				C886B0D21DA8FC0500240283 /* ArrangeMovie.app */,
			);
			name = Products;
			sourceTree = "<group>";
		};
		C886B0D41DA8FC0500240283 /* ArrangeMovie */ = {
			isa = PBXGroup;
			children = (
				D62A065B1DAC813C003832A8 /* config */,
				C8E651381DA9D63800400ABC /* models */,
				C8E6512E1DA9D52000400ABC /* src */,
				C8E6512D1DA9D46A00400ABC /* viewcontrollers */,
				C8E6512C1DA9D44D00400ABC /* views */,
				C8E6512B1DA9D44300400ABC /* net */,
				C8E6512A1DA9D43900400ABC /* utils */,
				C886B0D81DA8FC0500240283 /* AppDelegate.h */,
				C886B0D91DA8FC0500240283 /* AppDelegate.m */,
				C886B0E11DA8FC0500240283 /* Assets.xcassets */,
				C886B0E31DA8FC0500240283 /* LaunchScreen.storyboard */,
				C886B0E61DA8FC0500240283 /* Info.plist */,
				C886B0D51DA8FC0500240283 /* Supporting Files */,
			);
			path = ArrangeMovie;
			sourceTree = "<group>";
		};
		C886B0D51DA8FC0500240283 /* Supporting Files */ = {
			isa = PBXGroup;
			children = (
				C886B0D61DA8FC0500240283 /* main.m */,
			);
			name = "Supporting Files";
			sourceTree = "<group>";
		};
		C8E6512A1DA9D43900400ABC /* utils */ = {
			isa = PBXGroup;
			children = (
				D62A06511DAB7CE4003832A8 /* regex */,
				C8E651441DA9EA8800400ABC /* category */,
			);
			name = utils;
			sourceTree = "<group>";
		};
		C8E6512B1DA9D44300400ABC /* net */ = {
			isa = PBXGroup;
			children = (
			);
			name = net;
			sourceTree = "<group>";
		};
		C8E6512C1DA9D44D00400ABC /* views */ = {
			isa = PBXGroup;
			children = (
				C8329B9B1DAB2FF600B14075 /* base */,
				C8E6512F1DA9D56900400ABC /* me */,
			);
			name = views;
			sourceTree = "<group>";
		};
		C8E6512D1DA9D46A00400ABC /* viewcontrollers */ = {
			isa = PBXGroup;
			children = (
				D62A064D1DAB637C003832A8 /* login */,
				C8E651341DA9D60F00400ABC /* base */,
				C8E651301DA9D5B500400ABC /* me */,
			);
			name = viewcontrollers;
			sourceTree = "<group>";
		};
		C8E6512E1DA9D52000400ABC /* src */ = {
			isa = PBXGroup;
			children = (
				C8E6513C1DA9E6CC00400ABC /* me.storyboard */,
				D62A064B1DAB5CA8003832A8 /* login.storyboard */,
			);
			name = src;
			sourceTree = "<group>";
		};
		C8E6512F1DA9D56900400ABC /* me */ = {
			isa = PBXGroup;
			children = (
				A5B85DDA1DAF310D000DD644 /* MeBankAddTableViewCell.h */,
				A5B85DDB1DAF310D000DD644 /* MeBankAddTableViewCell.m */,
				A5B85DDC1DAF310D000DD644 /* MeBankAddTableViewCell.xib */,
				A5AC11771DABA57D00CBBE05 /* MeTableViewCell.h */,
				A5AC11781DABA57D00CBBE05 /* MeTableViewCell.m */,
				A5AC11791DABA57D00CBBE05 /* MeTableViewCell.xib */,
				A5AC117C1DABA5E200CBBE05 /* MePointRecordTableViewCell.h */,
				A5AC117D1DABA5E200CBBE05 /* MePointRecordTableViewCell.m */,
				A5AC117E1DABA5E200CBBE05 /* MePointRecordTableViewCell.xib */,
				A5AC11811DABA63300CBBE05 /* MeSettingTableViewCell.h */,
				A5AC11821DABA63300CBBE05 /* MeSettingTableViewCell.m */,
				A5AC11831DABA63300CBBE05 /* MeSettingTableViewCell.xib */,
				C889D9651DB0AC59008156B2 /* MeSettingSignOutTableViewCell.h */,
				C889D9661DB0AC59008156B2 /* MeSettingSignOutTableViewCell.m */,
				C889D9671DB0AC59008156B2 /* MeSettingSignOutTableViewCell.xib */,
				A5AC11861DABA69100CBBE05 /* MeBankCardTableViewCell.h */,
				A5AC11871DABA69100CBBE05 /* MeBankCardTableViewCell.m */,
				A5AC11881DABA69100CBBE05 /* MeBankCardTableViewCell.xib */,
			);
			name = me;
			sourceTree = "<group>";
		};
		C8E651301DA9D5B500400ABC /* me */ = {
			isa = PBXGroup;
			children = (
				C8E651311DA9D5DF00400ABC /* MeViewController.h */,
				C8E651321DA9D5DF00400ABC /* MeViewController.m */,
				C8329BAB1DACA62700B14075 /* MeProfileViewController.h */,
				C8329BAC1DACA62700B14075 /* MeProfileViewController.m */,
				C80F06451DACFDA600BB75BE /* MePointViewController.h */,
				C80F06461DACFDA600BB75BE /* MePointViewController.m */,
				C80F06481DACFDCD00BB75BE /* MeBankCardViewController.h */,
				C80F06491DACFDCD00BB75BE /* MeBankCardViewController.m */,
				C80F064B1DACFDED00BB75BE /* MeNewCardViewController.h */,
				C80F064C1DACFDED00BB75BE /* MeNewCardViewController.m */,
				C889D9561DAF7429008156B2 /* MePwdViewController.h */,
				C889D9571DAF7429008156B2 /* MePwdViewController.m */,
				C889D9591DAF83F3008156B2 /* MeAuthViewController.h */,
				C889D95A1DAF83F3008156B2 /* MeAuthViewController.m */,
				C889D95C1DB0742E008156B2 /* MeSettingViewController.h */,
				C889D95D1DB0742E008156B2 /* MeSettingViewController.m */,
				C889D95F1DB07DEB008156B2 /* MeFeedbackViewController.h */,
				C889D9601DB07DEB008156B2 /* MeFeedbackViewController.m */,
				C889D9621DB07E90008156B2 /* MeAboutViewController.h */,
				C889D9631DB07E90008156B2 /* MeAboutViewController.m */,
			);
			name = me;
			sourceTree = "<group>";
		};
		C8E651341DA9D60F00400ABC /* base */ = {
			isa = PBXGroup;
			children = (
				C8E6513F1DA9E77000400ABC /* EMINavigationController.h */,
				C8E6513E1DA9E77000400ABC /* EMINavigationController.m */,
				C8E651351DA9D62C00400ABC /* EMIBaseViewController.h */,
				C8E651361DA9D62C00400ABC /* EMIBaseViewController.m */,
			);
			name = base;
			sourceTree = "<group>";
		};
		C8E651381DA9D63800400ABC /* models */ = {
			isa = PBXGroup;
			children = (
				C8E651391DA9D65D00400ABC /* User.h */,
				C8E6513A1DA9D65D00400ABC /* User.m */,
			);
			name = models;
			sourceTree = "<group>";
		};
		C8E651441DA9EA8800400ABC /* category */ = {
			isa = PBXGroup;
			children = (
				C8E651481DA9EAF100400ABC /* UIColor+Hex.h */,
				C8E651491DA9EAF100400ABC /* UIColor+Hex.m */,
				C81371111DAA2BAE006479D6 /* UIImage+SCUtil.h */,
				C81371121DAA2BAE006479D6 /* UIImage+SCUtil.m */,
			);
			name = category;
			sourceTree = "<group>";
		};
		D62A064D1DAB637C003832A8 /* login */ = {
			isa = PBXGroup;
			children = (
				D62A064E1DAB63D1003832A8 /* LoginViewController.h */,
				D62A064F1DAB63D1003832A8 /* LoginViewController.m */,
				D62A065E1DACADAA003832A8 /* FgetPwdViewController.h */,
				D62A065F1DACADAA003832A8 /* FgetPwdViewController.m */,
			);
			name = login;
			sourceTree = "<group>";
		};
		D62A06511DAB7CE4003832A8 /* regex */ = {
			isa = PBXGroup;
			children = (
				D62A06551DAB7D5F003832A8 /* ValidateMobile.h */,
				D62A06561DAB7D5F003832A8 /* ValidateMobile.m */,
			);
			name = regex;
			sourceTree = "<group>";
		};
		D62A065B1DAC813C003832A8 /* config */ = {
			isa = PBXGroup;
			children = (
				D62A065C1DAC817A003832A8 /* am.pch */,
			);
			name = config;
			sourceTree = "<group>";
		};
/* End PBXGroup section */

/* Begin PBXNativeTarget section */
		C886B0D11DA8FC0500240283 /* ArrangeMovie */ = {
			isa = PBXNativeTarget;
			buildConfigurationList = C886B0E91DA8FC0500240283 /* Build configuration list for PBXNativeTarget "ArrangeMovie" */;
			buildPhases = (
				AF370A382D409AA324112668 /* 📦 Check Pods Manifest.lock */,
				C886B0CE1DA8FC0500240283 /* Sources */,
				C886B0CF1DA8FC0500240283 /* Frameworks */,
				C886B0D01DA8FC0500240283 /* Resources */,
				7C0C12AA3DBEC3E375DA9B15 /* 📦 Embed Pods Frameworks */,
				BCAAF15CF7D608F8DFE58926 /* 📦 Copy Pods Resources */,
			);
			buildRules = (
			);
			dependencies = (
			);
			name = ArrangeMovie;
			productName = ArrangeMovie;
			productReference = C886B0D21DA8FC0500240283 /* ArrangeMovie.app */;
			productType = "com.apple.product-type.application";
		};
/* End PBXNativeTarget section */

/* Begin PBXProject section */
		C886B0CA1DA8FC0500240283 /* Project object */ = {
			isa = PBXProject;
			attributes = {
				LastUpgradeCheck = 0730;
				ORGANIZATIONNAME = EMI;
				TargetAttributes = {
					C886B0D11DA8FC0500240283 = {
						CreatedOnToolsVersion = 7.3.1;
						DevelopmentTeam = B64XF2DPWJ;
					};
				};
			};
			buildConfigurationList = C886B0CD1DA8FC0500240283 /* Build configuration list for PBXProject "ArrangeMovie" */;
			compatibilityVersion = "Xcode 3.2";
			developmentRegion = English;
			hasScannedForEncodings = 0;
			knownRegions = (
				en,
				Base,
			);
			mainGroup = C886B0C91DA8FC0500240283;
			productRefGroup = C886B0D31DA8FC0500240283 /* Products */;
			projectDirPath = "";
			projectRoot = "";
			targets = (
				C886B0D11DA8FC0500240283 /* ArrangeMovie */,
			);
		};
/* End PBXProject section */

/* Begin PBXResourcesBuildPhase section */
		C886B0D01DA8FC0500240283 /* Resources */ = {
			isa = PBXResourcesBuildPhase;
			buildActionMask = 2147483647;
			files = (
				A5AC117B1DABA57D00CBBE05 /* MeTableViewCell.xib in Resources */,
				A5B85DDE1DAF310D000DD644 /* MeBankAddTableViewCell.xib in Resources */,
				A5AC11801DABA5E200CBBE05 /* MePointRecordTableViewCell.xib in Resources */,
				D62A064C1DAB5CA8003832A8 /* login.storyboard in Resources */,
				C886B0E51DA8FC0500240283 /* LaunchScreen.storyboard in Resources */,
				C886B0E21DA8FC0500240283 /* Assets.xcassets in Resources */,
				C889D9691DB0AC59008156B2 /* MeSettingSignOutTableViewCell.xib in Resources */,
				C8E6513D1DA9E6CC00400ABC /* me.storyboard in Resources */,
				A5AC11851DABA63300CBBE05 /* MeSettingTableViewCell.xib in Resources */,
				A5AC118A1DABA69100CBBE05 /* MeBankCardTableViewCell.xib in Resources */,
			);
			runOnlyForDeploymentPostprocessing = 0;
		};
/* End PBXResourcesBuildPhase section */

/* Begin PBXShellScriptBuildPhase section */
		7C0C12AA3DBEC3E375DA9B15 /* 📦 Embed Pods Frameworks */ = {
			isa = PBXShellScriptBuildPhase;
			buildActionMask = 2147483647;
			files = (
			);
			inputPaths = (
			);
			name = "📦 Embed Pods Frameworks";
			outputPaths = (
			);
			runOnlyForDeploymentPostprocessing = 0;
			shellPath = /bin/sh;
			shellScript = "\"${SRCROOT}/Pods/Target Support Files/Pods-ArrangeMovie/Pods-ArrangeMovie-frameworks.sh\"\n";
			showEnvVarsInLog = 0;
		};
		AF370A382D409AA324112668 /* 📦 Check Pods Manifest.lock */ = {
			isa = PBXShellScriptBuildPhase;
			buildActionMask = 2147483647;
			files = (
			);
			inputPaths = (
			);
			name = "📦 Check Pods Manifest.lock";
			outputPaths = (
			);
			runOnlyForDeploymentPostprocessing = 0;
			shellPath = /bin/sh;
			shellScript = "diff \"${PODS_ROOT}/../Podfile.lock\" \"${PODS_ROOT}/Manifest.lock\" > /dev/null\nif [[ $? != 0 ]] ; then\n    cat << EOM\nerror: The sandbox is not in sync with the Podfile.lock. Run 'pod install' or update your CocoaPods installation.\nEOM\n    exit 1\nfi\n";
			showEnvVarsInLog = 0;
		};
		BCAAF15CF7D608F8DFE58926 /* 📦 Copy Pods Resources */ = {
			isa = PBXShellScriptBuildPhase;
			buildActionMask = 2147483647;
			files = (
			);
			inputPaths = (
			);
			name = "📦 Copy Pods Resources";
			outputPaths = (
			);
			runOnlyForDeploymentPostprocessing = 0;
			shellPath = /bin/sh;
			shellScript = "\"${SRCROOT}/Pods/Target Support Files/Pods-ArrangeMovie/Pods-ArrangeMovie-resources.sh\"\n";
			showEnvVarsInLog = 0;
		};
/* End PBXShellScriptBuildPhase section */

/* Begin PBXSourcesBuildPhase section */
		C886B0CE1DA8FC0500240283 /* Sources */ = {
			isa = PBXSourcesBuildPhase;
			buildActionMask = 2147483647;
			files = (
				C889D9681DB0AC59008156B2 /* MeSettingSignOutTableViewCell.m in Sources */,
				C886B0DA1DA8FC0500240283 /* AppDelegate.m in Sources */,
				C80F064A1DACFDCD00BB75BE /* MeBankCardViewController.m in Sources */,
				C889D9641DB07E90008156B2 /* MeAboutViewController.m in Sources */,
				C889D9581DAF7429008156B2 /* MePwdViewController.m in Sources */,
				C889D95E1DB0742E008156B2 /* MeSettingViewController.m in Sources */,
				D62A06571DAB7D5F003832A8 /* ValidateMobile.m in Sources */,
				C8E651401DA9E77000400ABC /* EMINavigationController.m in Sources */,
				C8E6513B1DA9D65D00400ABC /* User.m in Sources */,
				C8329BA71DAB6C6100B14075 /* EMIShadowImageView.m in Sources */,
				A5AC117A1DABA57D00CBBE05 /* MeTableViewCell.m in Sources */,
				C889D95B1DAF83F3008156B2 /* MeAuthViewController.m in Sources */,
				C80F064D1DACFDED00BB75BE /* MeNewCardViewController.m in Sources */,
				A5AC11841DABA63300CBBE05 /* MeSettingTableViewCell.m in Sources */,
				C889D9611DB07DEB008156B2 /* MeFeedbackViewController.m in Sources */,
				A5B85DDD1DAF310D000DD644 /* MeBankAddTableViewCell.m in Sources */,
				C8E6514A1DA9EAF100400ABC /* UIColor+Hex.m in Sources */,
				C8329BAD1DACA62700B14075 /* MeProfileViewController.m in Sources */,
				D62A06501DAB63D1003832A8 /* LoginViewController.m in Sources */,
				C80F06501DAE282D00BB75BE /* EMIPointButton.m in Sources */,
				C81371131DAA2BAE006479D6 /* UIImage+SCUtil.m in Sources */,
				C8E651331DA9D5DF00400ABC /* MeViewController.m in Sources */,
				D62A065A1DAB88F7003832A8 /* UIView+Shadow.m in Sources */,
				C8329BA11DAB34F200B14075 /* UIBarButtonItem+Extension.m in Sources */,
				A5AC11891DABA69100CBBE05 /* MeBankCardTableViewCell.m in Sources */,
				C8E651371DA9D62C00400ABC /* EMIBaseViewController.m in Sources */,
				C886B0D71DA8FC0500240283 /* main.m in Sources */,
				C80F06471DACFDA600BB75BE /* MePointViewController.m in Sources */,
				C8329BAA1DABA44100B14075 /* SCTableViewCell.m in Sources */,
				A5AC117F1DABA5E200CBBE05 /* MePointRecordTableViewCell.m in Sources */,
				D62A06601DACADAA003832A8 /* FgetPwdViewController.m in Sources */,
			);
			runOnlyForDeploymentPostprocessing = 0;
		};
/* End PBXSourcesBuildPhase section */

/* Begin PBXVariantGroup section */
		C886B0E31DA8FC0500240283 /* LaunchScreen.storyboard */ = {
			isa = PBXVariantGroup;
			children = (
				C886B0E41DA8FC0500240283 /* Base */,
			);
			name = LaunchScreen.storyboard;
			sourceTree = "<group>";
		};
/* End PBXVariantGroup section */

/* Begin XCBuildConfiguration section */
		C886B0E71DA8FC0500240283 /* Debug */ = {
			isa = XCBuildConfiguration;
			buildSettings = {
				ALWAYS_SEARCH_USER_PATHS = NO;
				CLANG_ANALYZER_NONNULL = YES;
				CLANG_CXX_LANGUAGE_STANDARD = "gnu++0x";
				CLANG_CXX_LIBRARY = "libc++";
				CLANG_ENABLE_MODULES = YES;
				CLANG_ENABLE_OBJC_ARC = YES;
				CLANG_WARN_BOOL_CONVERSION = YES;
				CLANG_WARN_CONSTANT_CONVERSION = YES;
				CLANG_WARN_DIRECT_OBJC_ISA_USAGE = YES_ERROR;
				CLANG_WARN_EMPTY_BODY = YES;
				CLANG_WARN_ENUM_CONVERSION = YES;
				CLANG_WARN_INT_CONVERSION = YES;
				CLANG_WARN_OBJC_ROOT_CLASS = YES_ERROR;
				CLANG_WARN_UNREACHABLE_CODE = YES;
				CLANG_WARN__DUPLICATE_METHOD_MATCH = YES;
				"CODE_SIGN_IDENTITY[sdk=iphoneos*]" = "iPhone Developer";
				COPY_PHASE_STRIP = NO;
				DEBUG_INFORMATION_FORMAT = dwarf;
				ENABLE_STRICT_OBJC_MSGSEND = YES;
				ENABLE_TESTABILITY = YES;
				GCC_C_LANGUAGE_STANDARD = gnu99;
				GCC_DYNAMIC_NO_PIC = NO;
				GCC_NO_COMMON_BLOCKS = YES;
				GCC_OPTIMIZATION_LEVEL = 0;
				GCC_PREPROCESSOR_DEFINITIONS = (
					"DEBUG=1",
					"$(inherited)",
				);
				GCC_WARN_64_TO_32_BIT_CONVERSION = YES;
				GCC_WARN_ABOUT_RETURN_TYPE = YES_ERROR;
				GCC_WARN_UNDECLARED_SELECTOR = YES;
				GCC_WARN_UNINITIALIZED_AUTOS = YES_AGGRESSIVE;
				GCC_WARN_UNUSED_FUNCTION = YES;
				GCC_WARN_UNUSED_VARIABLE = YES;
				IPHONEOS_DEPLOYMENT_TARGET = 9.3;
				MTL_ENABLE_DEBUG_INFO = YES;
				ONLY_ACTIVE_ARCH = YES;
				SDKROOT = iphoneos;
			};
			name = Debug;
		};
		C886B0E81DA8FC0500240283 /* Release */ = {
			isa = XCBuildConfiguration;
			buildSettings = {
				ALWAYS_SEARCH_USER_PATHS = NO;
				CLANG_ANALYZER_NONNULL = YES;
				CLANG_CXX_LANGUAGE_STANDARD = "gnu++0x";
				CLANG_CXX_LIBRARY = "libc++";
				CLANG_ENABLE_MODULES = YES;
				CLANG_ENABLE_OBJC_ARC = YES;
				CLANG_WARN_BOOL_CONVERSION = YES;
				CLANG_WARN_CONSTANT_CONVERSION = YES;
				CLANG_WARN_DIRECT_OBJC_ISA_USAGE = YES_ERROR;
				CLANG_WARN_EMPTY_BODY = YES;
				CLANG_WARN_ENUM_CONVERSION = YES;
				CLANG_WARN_INT_CONVERSION = YES;
				CLANG_WARN_OBJC_ROOT_CLASS = YES_ERROR;
				CLANG_WARN_UNREACHABLE_CODE = YES;
				CLANG_WARN__DUPLICATE_METHOD_MATCH = YES;
				"CODE_SIGN_IDENTITY[sdk=iphoneos*]" = "iPhone Developer";
				COPY_PHASE_STRIP = NO;
				DEBUG_INFORMATION_FORMAT = "dwarf-with-dsym";
				ENABLE_NS_ASSERTIONS = NO;
				ENABLE_STRICT_OBJC_MSGSEND = YES;
				GCC_C_LANGUAGE_STANDARD = gnu99;
				GCC_NO_COMMON_BLOCKS = YES;
				GCC_WARN_64_TO_32_BIT_CONVERSION = YES;
				GCC_WARN_ABOUT_RETURN_TYPE = YES_ERROR;
				GCC_WARN_UNDECLARED_SELECTOR = YES;
				GCC_WARN_UNINITIALIZED_AUTOS = YES_AGGRESSIVE;
				GCC_WARN_UNUSED_FUNCTION = YES;
				GCC_WARN_UNUSED_VARIABLE = YES;
				IPHONEOS_DEPLOYMENT_TARGET = 9.3;
				MTL_ENABLE_DEBUG_INFO = NO;
				SDKROOT = iphoneos;
				VALIDATE_PRODUCT = YES;
			};
			name = Release;
		};
		C886B0EA1DA8FC0500240283 /* Debug */ = {
			isa = XCBuildConfiguration;
			baseConfigurationReference = E113C2194AC4AE46C9630207 /* Pods-ArrangeMovie.debug.xcconfig */;
			buildSettings = {
				ASSETCATALOG_COMPILER_APPICON_NAME = AppIcon;
				CODE_SIGN_IDENTITY = "iPhone Developer";
				"CODE_SIGN_IDENTITY[sdk=iphoneos*]" = "iPhone Developer";
				GCC_PREFIX_HEADER = ArrangeMovie/config/am.pch;
				INFOPLIST_FILE = ArrangeMovie/Info.plist;
				LD_RUNPATH_SEARCH_PATHS = "$(inherited) @executable_path/Frameworks";
				PRODUCT_BUNDLE_IDENTIFIER = com.emi365.ArrangeMovie;
				PRODUCT_NAME = "$(TARGET_NAME)";
				PROVISIONING_PROFILE = "";
			};
			name = Debug;
		};
		C886B0EB1DA8FC0500240283 /* Release */ = {
			isa = XCBuildConfiguration;
			baseConfigurationReference = BF27F5CCD964E066166A1E8C /* Pods-ArrangeMovie.release.xcconfig */;
			buildSettings = {
				ASSETCATALOG_COMPILER_APPICON_NAME = AppIcon;
				CODE_SIGN_IDENTITY = "iPhone Developer";
				"CODE_SIGN_IDENTITY[sdk=iphoneos*]" = "iPhone Developer";
				GCC_PREFIX_HEADER = ArrangeMovie/config/am.pch;
				INFOPLIST_FILE = ArrangeMovie/Info.plist;
				LD_RUNPATH_SEARCH_PATHS = "$(inherited) @executable_path/Frameworks";
				PRODUCT_BUNDLE_IDENTIFIER = com.emi365.ArrangeMovie;
				PRODUCT_NAME = "$(TARGET_NAME)";
				PROVISIONING_PROFILE = "";
			};
			name = Release;
		};
/* End XCBuildConfiguration section */

/* Begin XCConfigurationList section */
		C886B0CD1DA8FC0500240283 /* Build configuration list for PBXProject "ArrangeMovie" */ = {
			isa = XCConfigurationList;
			buildConfigurations = (
				C886B0E71DA8FC0500240283 /* Debug */,
				C886B0E81DA8FC0500240283 /* Release */,
			);
			defaultConfigurationIsVisible = 0;
			defaultConfigurationName = Release;
		};
		C886B0E91DA8FC0500240283 /* Build configuration list for PBXNativeTarget "ArrangeMovie" */ = {
			isa = XCConfigurationList;
			buildConfigurations = (
				C886B0EA1DA8FC0500240283 /* Debug */,
				C886B0EB1DA8FC0500240283 /* Release */,
			);
			defaultConfigurationIsVisible = 0;
			defaultConfigurationName = Release;
		};
/* End XCConfigurationList section */
	};
	rootObject = C886B0CA1DA8FC0500240283 /* Project object */;
}
